github.com/F4121/module-say-hello v1.0.2 h1:zuDAkk4xySVVKfYmVg/xmqD1KnZ1JcpHMHl4oWlvF64=
github.com/F4121/module-say-hello v1.0.2/go.mod h1:UDZ4N70H4nZub+dJhdhH7LopUcVPOBlKLgeGpVN3qkc=
github.com/F4121/module-say-hello/v2 v2.0.0 h1:SXmocWF67YZ837M8aUpF3QqCT1IYJqdfLgLV4QqX+28=
github.com/F4121/module-say-hello/v2 v2.0.0/go.mod h1:KJ5Zhi1UhIPsriiH1r0t+6Fl2slNIAqMCuhdyu5Wyb4=
